
Microsoft Visual Studio Solution File, Format Version 12.00
# Visual Studio Version 17
VisualStudioVersion = 17.10.35027.167
MinimumVisualStudioVersion = 10.0.40219.1
Project("{FAE04EC0-301F-11D3-BF4B-00C04F79EFBC}") = "PatikaCodeFirst2", "PatikaCodeFirst2\PatikaCodeFirst2.csproj", "{FFDFADF8-33A0-4ABC-998D-F80AF436D2A0}"
EndProject
Global
	GlobalSection(SolutionConfigurationPlatforms) = preSolution
		Debug|Any CPU = Debug|Any CPU
		Release|Any CPU = Release|Any CPU
	EndGlobalSection
	GlobalSection(ProjectConfigurationPlatforms) = postSolution
		{FFDFADF8-33A0-4ABC-998D-F80AF436D2A0}.Debug|Any CPU.ActiveCfg = Debug|Any CPU
		{FFDFADF8-33A0-4ABC-998D-F80AF436D2A0}.Debug|Any CPU.Build.0 = Debug|Any CPU
		{FFDFADF8-33A0-4ABC-998D-F80AF436D2A0}.Release|Any CPU.ActiveCfg = Release|Any CPU
		{FFDFADF8-33A0-4ABC-998D-F80AF436D2A0}.Release|Any CPU.Build.0 = Release|Any CPU
	EndGlobalSection
	GlobalSection(SolutionProperties) = preSolution
		HideSolutionNode = FALSE
	EndGlobalSection
	GlobalSection(ExtensibilityGlobals) = postSolution
		SolutionGuid = {32C1F7D7-A2E2-49AC-92CD-DC475C520DC8}
	EndGlobalSection
EndGlobal
